
Microsoft Visual Studio Solution File, Format Version 12.00
# Visual Studio 15
VisualStudioVersion = 15.0.26730.15
MinimumVisualStudioVersion = 10.0.40219.1
Project("{9A19103F-16F7-4668-BE54-9A1E7A4F7556}") = "AllycsCRUDCore", "AllycsCRUDCore\AllycsCRUDCore.csproj", "{D6E190EF-5AA0-4834-B48F-BE48FEA63ED1}"
EndProject
Project("{FAE04EC0-301F-11D3-BF4B-00C04F79EFBC}") = "AllycsCRUD", "AllycsCRUD\AllycsCRUD.csproj", "{49057BC5-7499-445D-9864-7C6CF42EC205}"
EndProject
Global
	GlobalSection(SolutionConfigurationPlatforms) = preSolution
		Debug|Any CPU = Debug|Any CPU
		Release|Any CPU = Release|Any CPU
	EndGlobalSection
	GlobalSection(ProjectConfigurationPlatforms) = postSolution
		{D6E190EF-5AA0-4834-B48F-BE48FEA63ED1}.Debug|Any CPU.ActiveCfg = Debug|Any CPU
		{D6E190EF-5AA0-4834-B48F-BE48FEA63ED1}.Debug|Any CPU.Build.0 = Debug|Any CPU
		{D6E190EF-5AA0-4834-B48F-BE48FEA63ED1}.Release|Any CPU.ActiveCfg = Release|Any CPU
		{D6E190EF-5AA0-4834-B48F-BE48FEA63ED1}.Release|Any CPU.Build.0 = Release|Any CPU
		{49057BC5-7499-445D-9864-7C6CF42EC205}.Debug|Any CPU.ActiveCfg = Debug|Any CPU
		{49057BC5-7499-445D-9864-7C6CF42EC205}.Debug|Any CPU.Build.0 = Debug|Any CPU
		{49057BC5-7499-445D-9864-7C6CF42EC205}.Release|Any CPU.ActiveCfg = Release|Any CPU
		{49057BC5-7499-445D-9864-7C6CF42EC205}.Release|Any CPU.Build.0 = Release|Any CPU
	EndGlobalSection
	GlobalSection(SolutionProperties) = preSolution
		HideSolutionNode = FALSE
	EndGlobalSection
	GlobalSection(ExtensibilityGlobals) = postSolution
		SolutionGuid = {5A49C67A-AD4D-4D9F-AC11-11B2FB540693}
	EndGlobalSection
EndGlobal
